{
  "version": 4,
  "terraform_version": "0.12.24",
  "serial": 10,
  "lineage": "1c98aa6a-a849-049b-bbc1-219683e1acfc",
  "outputs": {},
  "resources": [
    {
      "mode": "managed",
      "type": "google_compute_instance",
      "name": "default",
      "each": "list",
      "provider": "provider.google",
      "instances": [
        {
          "index_key": 0,
          "schema_version": 6,
          "attributes": {
            "allow_stopping_for_update": null,
            "attached_disk": [],
            "boot_disk": [
              {
                "auto_delete": true,
                "device_name": "persistent-disk-0",
                "disk_encryption_key_raw": "",
                "disk_encryption_key_sha256": "",
                "initialize_params": [
                  {
                    "image": "https://www.googleapis.com/compute/v1/projects/debian-cloud/global/images/debian-9-stretch-v20210420",
                    "labels": {},
                    "size": 10,
                    "type": "pd-standard"
                  }
                ],
                "kms_key_self_link": "",
                "mode": "READ_WRITE",
                "source": "https://www.googleapis.com/compute/v1/projects/gcp-vm-class1-389/zones/us-central1-a/disks/test0"
              }
            ],
            "can_ip_forward": false,
            "confidential_instance_config": [],
            "cpu_platform": "Intel Haswell",
            "current_status": "RUNNING",
            "deletion_protection": false,
            "description": "",
            "desired_status": null,
            "enable_display": false,
            "guest_accelerator": [],
            "hostname": "",
            "id": "projects/gcp-vm-class1-389/zones/us-central1-a/instances/test0",
            "instance_id": "3084243059562243396",
            "label_fingerprint": "42WmSpB8rSM=",
            "labels": null,
            "machine_type": "e2-medium",
            "metadata": {
              "foo": "bar"
            },
            "metadata_fingerprint": "GFB-rW_KhFQ=",
            "metadata_startup_script": "echo hi \u003e /test.txt",
            "min_cpu_platform": "",
            "name": "test0",
            "network_interface": [
              {
                "access_config": [
                  {
                    "nat_ip": "104.197.78.190",
                    "network_tier": "PREMIUM",
                    "public_ptr_domain_name": ""
                  }
                ],
                "alias_ip_range": [],
                "name": "nic0",
                "network": "https://www.googleapis.com/compute/v1/projects/gcp-vm-class1-389/global/networks/default",
                "network_ip": "10.128.0.5",
                "nic_type": "",
                "subnetwork": "https://www.googleapis.com/compute/v1/projects/gcp-vm-class1-389/regions/us-central1/subnetworks/default",
                "subnetwork_project": "gcp-vm-class1-389"
              }
            ],
            "project": "gcp-vm-class1-389",
            "resource_policies": null,
            "scheduling": [
              {
                "automatic_restart": true,
                "min_node_cpus": 0,
                "node_affinities": [],
                "on_host_maintenance": "MIGRATE",
                "preemptible": false
              }
            ],
            "scratch_disk": [],
            "self_link": "https://www.googleapis.com/compute/v1/projects/gcp-vm-class1-389/zones/us-central1-a/instances/test0",
            "service_account": [],
            "shielded_instance_config": [],
            "tags": [
              "bar",
              "dev",
              "foo",
              "terraform"
            ],
            "tags_fingerprint": "RxHhPJDW_EA=",
            "timeouts": null,
            "zone": "us-central1-a"
          },
          "private": "eyJlMmJmYjczMC1lY2FhLTExZTYtOGY4OC0zNDM2M2JjN2M0YzAiOnsiY3JlYXRlIjoxMjAwMDAwMDAwMDAwLCJkZWxldGUiOjEyMDAwMDAwMDAwMDAsInVwZGF0ZSI6MTIwMDAwMDAwMDAwMH0sInNjaGVtYV92ZXJzaW9uIjoiNiJ9"
        },
        {
          "index_key": 1,
          "schema_version": 6,
          "attributes": {
            "allow_stopping_for_update": null,
            "attached_disk": [],
            "boot_disk": [
              {
                "auto_delete": true,
                "device_name": "persistent-disk-0",
                "disk_encryption_key_raw": "",
                "disk_encryption_key_sha256": "",
                "initialize_params": [
                  {
                    "image": "https://www.googleapis.com/compute/v1/projects/debian-cloud/global/images/debian-9-stretch-v20210420",
                    "labels": {},
                    "size": 10,
                    "type": "pd-standard"
                  }
                ],
                "kms_key_self_link": "",
                "mode": "READ_WRITE",
                "source": "https://www.googleapis.com/compute/v1/projects/gcp-vm-class1-389/zones/us-central1-a/disks/test1"
              }
            ],
            "can_ip_forward": false,
            "confidential_instance_config": [],
            "cpu_platform": "Intel Haswell",
            "current_status": "RUNNING",
            "deletion_protection": false,
            "description": "",
            "desired_status": null,
            "enable_display": false,
            "guest_accelerator": [],
            "hostname": "",
            "id": "projects/gcp-vm-class1-389/zones/us-central1-a/instances/test1",
            "instance_id": "6134353796084262212",
            "label_fingerprint": "42WmSpB8rSM=",
            "labels": null,
            "machine_type": "e2-medium",
            "metadata": {
              "foo": "bar"
            },
            "metadata_fingerprint": "GFB-rW_KhFQ=",
            "metadata_startup_script": "echo hi \u003e /test.txt",
            "min_cpu_platform": "",
            "name": "test1",
            "network_interface": [
              {
                "access_config": [
                  {
                    "nat_ip": "34.68.29.253",
                    "network_tier": "PREMIUM",
                    "public_ptr_domain_name": ""
                  }
                ],
                "alias_ip_range": [],
                "name": "nic0",
                "network": "https://www.googleapis.com/compute/v1/projects/gcp-vm-class1-389/global/networks/default",
                "network_ip": "10.128.0.6",
                "nic_type": "",
                "subnetwork": "https://www.googleapis.com/compute/v1/projects/gcp-vm-class1-389/regions/us-central1/subnetworks/default",
                "subnetwork_project": "gcp-vm-class1-389"
              }
            ],
            "project": "gcp-vm-class1-389",
            "resource_policies": null,
            "scheduling": [
              {
                "automatic_restart": true,
                "min_node_cpus": 0,
                "node_affinities": [],
                "on_host_maintenance": "MIGRATE",
                "preemptible": false
              }
            ],
            "scratch_disk": [],
            "self_link": "https://www.googleapis.com/compute/v1/projects/gcp-vm-class1-389/zones/us-central1-a/instances/test1",
            "service_account": [],
            "shielded_instance_config": [],
            "tags": [
              "bar",
              "dev",
              "foo",
              "terraform"
            ],
            "tags_fingerprint": "RxHhPJDW_EA=",
            "timeouts": null,
            "zone": "us-central1-a"
          },
          "private": "eyJlMmJmYjczMC1lY2FhLTExZTYtOGY4OC0zNDM2M2JjN2M0YzAiOnsiY3JlYXRlIjoxMjAwMDAwMDAwMDAwLCJkZWxldGUiOjEyMDAwMDAwMDAwMDAsInVwZGF0ZSI6MTIwMDAwMDAwMDAwMH0sInNjaGVtYV92ZXJzaW9uIjoiNiJ9"
        }
      ]
    }
  ]
}
